
Microsoft Visual Studio Solution File, Format Version 12.00
# Visual Studio 15
VisualStudioVersion = 15.0.26730.15
MinimumVisualStudioVersion = 10.0.40219.1
Project("{9A19103F-16F7-4668-BE54-9A1E7A4F7556}") = "exampleWebAPI", "exampleWebAPI.csproj", "{A284A50C-29B5-44DE-B147-277F44C106F3}"
EndProject
Global
	GlobalSection(SolutionConfigurationPlatforms) = preSolution
		Debug|Any CPU = Debug|Any CPU
		Release|Any CPU = Release|Any CPU
	EndGlobalSection
	GlobalSection(ProjectConfigurationPlatforms) = postSolution
		{A284A50C-29B5-44DE-B147-277F44C106F3}.Debug|Any CPU.ActiveCfg = Debug|Any CPU
		{A284A50C-29B5-44DE-B147-277F44C106F3}.Debug|Any CPU.Build.0 = Debug|Any CPU
		{A284A50C-29B5-44DE-B147-277F44C106F3}.Debug|Any CPU.Deploy.0 = Debug|Any CPU
		{A284A50C-29B5-44DE-B147-277F44C106F3}.Release|Any CPU.ActiveCfg = Release|Any CPU
		{A284A50C-29B5-44DE-B147-277F44C106F3}.Release|Any CPU.Build.0 = Release|Any CPU
	EndGlobalSection
	GlobalSection(SolutionProperties) = preSolution
		HideSolutionNode = FALSE
	EndGlobalSection
	GlobalSection(ExtensibilityGlobals) = postSolution
		SolutionGuid = {B9A29E52-7B38-4124-A5E8-456F161446B7}
	EndGlobalSection
EndGlobal
